// !$*UTF8*$!
{
	archiveVersion = 1;
	classes = {
	};
	objectVersion = 77;
	objects = {

/* Begin PBXBuildFile section */
		025004862D782EF2B092A60D /* MusicDownloadInfrastructure.swift in Sources */ = {isa = PBXBuildFile; fileRef = AD7B60CE85D0A74510637453 /* MusicDownloadInfrastructure.swift */; };
		04E5C8D1273370F3FEC0EEF5 /* IOSDiscoverView.swift in Sources */ = {isa = PBXBuildFile; fileRef = DB395FBF5847CD269D0058A8 /* IOSDiscoverView.swift */; };
		05BF70C216332FCED9A46713 /* IOSAppContainer.swift in Sources */ = {isa = PBXBuildFile; fileRef = AF254F5238DC5B751A6FC972 /* IOSAppContainer.swift */; };
		087399AA51D0F4CBEB4C2D40 /* TrackRangeCache.swift in Sources */ = {isa = PBXBuildFile; fileRef = A2DCFD7199892E10B9DD4EE4 /* TrackRangeCache.swift */; };
		0A43C63520FD7DE51736E341 /* LiveMusicLibrary.swift in Sources */ = {isa = PBXBuildFile; fileRef = E12EBA0EC13C41F5BF100AF8 /* LiveMusicLibrary.swift */; };
		0D94466064C6E38BB10E9ADF /* AudioUploadManager.swift in Sources */ = {isa = PBXBuildFile; fileRef = EE75D5ABE87A1E9A74ECFD1E /* AudioUploadManager.swift */; };
		0FDF2A159E8247F9AC8D8686 /* IOSNavigationTests.swift in Sources */ = {isa = PBXBuildFile; fileRef = 5D5C1407CB9804F81F886FBB /* IOSNavigationTests.swift */; };
		154B9174344C923A84D10A80 /* IOSDesignSupport.swift in Sources */ = {isa = PBXBuildFile; fileRef = 6675A8EF2F3C82496758DD84 /* IOSDesignSupport.swift */; };
		162EE889620A2658573339B3 /* IOSMediaView.swift in Sources */ = {isa = PBXBuildFile; fileRef = BB7B3FF213685661E49A6430 /* IOSMediaView.swift */; };
		1D1D2FEDAD47751382571F0A /* IOSRootView.swift in Sources */ = {isa = PBXBuildFile; fileRef = D8067201BE5809EDD600F5F3 /* IOSRootView.swift */; };
		1D49C270EF7C10512C55C7A1 /* IOSListenTogetherView.swift in Sources */ = {isa = PBXBuildFile; fileRef = 4CD995D8ED966457940EA9B5 /* IOSListenTogetherView.swift */; };
		1D8791C534ABF9E8F32700A0 /* LiveMusicRepository+Home.swift in Sources */ = {isa = PBXBuildFile; fileRef = B5FE7450278E71A9BB0D3EB0 /* LiveMusicRepository+Home.swift */; };
		208E49ED1A6536DE8392A16D /* EAPITransport.swift in Sources */ = {isa = PBXBuildFile; fileRef = D00E97B950D8F1DF7D1411C9 /* EAPITransport.swift */; };
		2216036393CD11182A2CBA1F /* AudioUploadModels.swift in Sources */ = {isa = PBXBuildFile; fileRef = E11ED35390DA90540E3ADA48 /* AudioUploadModels.swift */; };
		2A47683C61A3021FEE1FA9D4 /* RecommendationMemoryModels.swift in Sources */ = {isa = PBXBuildFile; fileRef = 9B792A9644DF2915EFBF9DC0 /* RecommendationMemoryModels.swift */; };
		2B5B416F8732A205C3A8AA18 /* MusicLibraryModels.swift in Sources */ = {isa = PBXBuildFile; fileRef = C2295AE305B4BA828A7C94B3 /* MusicLibraryModels.swift */; };
		2D7B7D411F6CBA30705BF6D8 /* CloudMusicModels.swift in Sources */ = {isa = PBXBuildFile; fileRef = 6FBCD68532168BB4BAE17A64 /* CloudMusicModels.swift */; };
		30740F94B62D44993CF1D382 /* TrackCache.swift in Sources */ = {isa = PBXBuildFile; fileRef = 209E7600D6DDC940D31B7D40 /* TrackCache.swift */; };
		3A3C14024398CF92A8ACA117 /* Repository.swift in Sources */ = {isa = PBXBuildFile; fileRef = A1390990F040AC9FB7257C32 /* Repository.swift */; };
		3BEB48A66E9A5052549B2E81 /* LiveVideoLibrary.swift in Sources */ = {isa = PBXBuildFile; fileRef = 4C030D7DF23BF4C1759BB767 /* LiveVideoLibrary.swift */; };
		3EC912A33DCEEF29A27BCA39 /* ListeningFootprintsView.swift in Sources */ = {isa = PBXBuildFile; fileRef = F477C4A4455288C5BA0B5A30 /* ListeningFootprintsView.swift */; };
		40F1F4ED864BAD042BC9FC24 /* PlayerController.swift in Sources */ = {isa = PBXBuildFile; fileRef = 8D5DD17180615EBA3F5302A1 /* PlayerController.swift */; };
		4171C1B9BE4BCD837CD47F7D /* IOSAudioSessionCoordinator.swift in Sources */ = {isa = PBXBuildFile; fileRef = FEFE65805CF3B802DDA9EC0A /* IOSAudioSessionCoordinator.swift */; };
		494FF1BC5CEF410373BCFFA8 /* MusicExtraModels.swift in Sources */ = {isa = PBXBuildFile; fileRef = 00F80E2ED52A48D6D29DF541 /* MusicExtraModels.swift */; };
		504A6B56DAB63D87F214D992 /* LiveMusicExtras.swift in Sources */ = {isa = PBXBuildFile; fileRef = F25317B0008207B7BA3ECE13 /* LiveMusicExtras.swift */; };
		62CC1DF852E3AE4BC0085C14 /* MusicSheetWorker.swift in Sources */ = {isa = PBXBuildFile; fileRef = 3CB858401EF198C206AC7F95 /* MusicSheetWorker.swift */; };
		69A52B84F76C5281835EDAB3 /* AudioUploadAPI.swift in Sources */ = {isa = PBXBuildFile; fileRef = F01FC8DC402619DF3C468F4A /* AudioUploadAPI.swift */; };
		7384BA700E0285C9D32FDE57 /* IOSDiscoverSearchComponents.swift in Sources */ = {isa = PBXBuildFile; fileRef = D9DFAA355A76FE284925AF48 /* IOSDiscoverSearchComponents.swift */; };
		794E25A284B3352CF36F991D /* LiveMusicRepository.swift in Sources */ = {isa = PBXBuildFile; fileRef = 1DF238C9882A0935DDF6BEAB /* LiveMusicRepository.swift */; };
		7B660B2912B1826FE73BE8BD /* PersonalFMController.swift in Sources */ = {isa = PBXBuildFile; fileRef = A16360F86C183F2146604B2E /* PersonalFMController.swift */; };
		7C7B7E9669146FE3BFD22D19 /* VideoModels.swift in Sources */ = {isa = PBXBuildFile; fileRef = CCC830BF0C9E13B8D8B4C6CB /* VideoModels.swift */; };
		83956E6080F1DA4FAA88AEE3 /* CredentialStore.swift in Sources */ = {isa = PBXBuildFile; fileRef = 4598E6BBB311DA8EC0EC0058 /* CredentialStore.swift */; };
		8B72CA64170D803888F74239 /* CredentialSnapshot.swift in Sources */ = {isa = PBXBuildFile; fileRef = BCF560906FAC42DC25C86628 /* CredentialSnapshot.swift */; };
		8E6807510C81F28ECCEE9991 /* SessionController.swift in Sources */ = {isa = PBXBuildFile; fileRef = 08458D2DBF07C058093D75B0 /* SessionController.swift */; };
		8F6976BD4D4140CBCD38C725 /* IOSLibraryView.swift in Sources */ = {isa = PBXBuildFile; fileRef = 4FA5F49B9D869DDB09FCB305 /* IOSLibraryView.swift */; };
		97CF79297E1E74A28A21EC6B /* Models.swift in Sources */ = {isa = PBXBuildFile; fileRef = DA9A29B46F14DF0BCECFA342 /* Models.swift */; };
		9B068F18F199491508DDF8C6 /* libPods-TinyCloudMusicIOSTests.a in Frameworks */ = {isa = PBXBuildFile; fileRef = CAEE5B9E8EE268F77409525E /* libPods-TinyCloudMusicIOSTests.a */; };
		9B9345F5DCD64A13E06FF0C7 /* NOSAudioUpload.swift in Sources */ = {isa = PBXBuildFile; fileRef = 237372F2DC585A7BA88E44F1 /* NOSAudioUpload.swift */; };
		9CC2E6DE83FDCCEE0B3F62EB /* MusicDownload.swift in Sources */ = {isa = PBXBuildFile; fileRef = FEB11979329FD60AF1DCFA0B /* MusicDownload.swift */; };
		A46AF2AF6000F27E9BA643BD /* ListeningReportModels.swift in Sources */ = {isa = PBXBuildFile; fileRef = 1F98BE751C2ADC7C1D05E079 /* ListeningReportModels.swift */; };
		AAD8519E78FE2B61DCEB6730 /* NukeUI in Frameworks */ = {isa = PBXBuildFile; productRef = 78EBDD1389378FD4B9732828 /* NukeUI */; };
		AB8FCAFB6019603653F5F5C6 /* MusicDownloadTransfer.swift in Sources */ = {isa = PBXBuildFile; fileRef = 50C70E652AB42A8FECA071EC /* MusicDownloadTransfer.swift */; };
		B3E8F5EDB19F023E6143516F /* Nuke in Frameworks */ = {isa = PBXBuildFile; productRef = 76D1B0117082AEC1BB879291 /* Nuke */; };
		B58916B2EE0F14DDD876657D /* IOSRouteDestinationView.swift in Sources */ = {isa = PBXBuildFile; fileRef = FBC221C3AF0638732AD98F89 /* IOSRouteDestinationView.swift */; };
		B8C9DB7D3FC65A0F6C9B5BDC /* IOSAccountView.swift in Sources */ = {isa = PBXBuildFile; fileRef = A2B6B6B0D55E6628E56E99D0 /* IOSAccountView.swift */; };
		C256F2EAAB505E9327AFECFE /* StreamingByteRange.swift in Sources */ = {isa = PBXBuildFile; fileRef = 7295FC93E49C46444EF313DE /* StreamingByteRange.swift */; };
		C4849C05435523B2E3B1CBB6 /* TinyCloudMusicIOSApp.swift in Sources */ = {isa = PBXBuildFile; fileRef = 817A82FA72F351D7EF4B0327 /* TinyCloudMusicIOSApp.swift */; };
		C530A500B976A8EA8A92E140 /* ListenTogetherController.swift in Sources */ = {isa = PBXBuildFile; fileRef = 89789A371918A57EB54D4E09 /* ListenTogetherController.swift */; };
		C750FEC49DEB13BB113B7DB9 /* LiveAudioContentLibrary.swift in Sources */ = {isa = PBXBuildFile; fileRef = 6D3464BAC262413CDCC3A3EF /* LiveAudioContentLibrary.swift */; };
		C827B6F2F18E83FF46960D72 /* libPods-TinyCloudMusicIOS.a in Frameworks */ = {isa = PBXBuildFile; fileRef = 5F0C67B2084505A294A26D41 /* libPods-TinyCloudMusicIOS.a */; };
		CA3B5EDE0D92B35841FE0C69 /* MusicDownloadModels.swift in Sources */ = {isa = PBXBuildFile; fileRef = 131AA6F9C7BEE42D309A1323 /* MusicDownloadModels.swift */; };
		CB4D6FE6B826DE5224023ABF /* AppModel.swift in Sources */ = {isa = PBXBuildFile; fileRef = C063509456ACD12606D4E83A /* AppModel.swift */; };
		CF658C63E47424FE28EE026D /* CommentEmojiText.swift in Sources */ = {isa = PBXBuildFile; fileRef = 147B4314D46546DA3076E509 /* CommentEmojiText.swift */; };
		DEE1767299A70977949A5BAD /* LiveMusicRepository+Search.swift in Sources */ = {isa = PBXBuildFile; fileRef = 587E205B08B131F98D980D94 /* LiveMusicRepository+Search.swift */; };
		E219EA5E54266B539E0C7100 /* IOSPlayerViews.swift in Sources */ = {isa = PBXBuildFile; fileRef = 5799816B2706A6EB0C34D0ED /* IOSPlayerViews.swift */; };
		E4379CC21FC020853410878B /* LiveListenTogetherService.swift in Sources */ = {isa = PBXBuildFile; fileRef = 5F8ACAED260F2B7864FCD541 /* LiveListenTogetherService.swift */; };
		E7DCB6F2C51EDDF1FA8C1A50 /* Assets.xcassets in Resources */ = {isa = PBXBuildFile; fileRef = FDD1E960A7373EC7A423CB40 /* Assets.xcassets */; };
		B918F0123A0D44019ED17410 /* PrivacyInfo.xcprivacy in Resources */ = {isa = PBXBuildFile; fileRef = B918F0123A0D44019ED17411 /* PrivacyInfo.xcprivacy */; };
		EE0F6351808F9C7EB2032E2B /* PlaylistImageUpload.swift in Sources */ = {isa = PBXBuildFile; fileRef = 177FB6C5B4F7056EE6CCCE03 /* PlaylistImageUpload.swift */; };
		F08115745A542E50ADC14906 /* AudioRangeResourceLoader.swift in Sources */ = {isa = PBXBuildFile; fileRef = 5DC6AD23EC1D0C394F40011A /* AudioRangeResourceLoader.swift */; };
		F3379EC4E0004CEC1C529199 /* MusicKnowledgeModels.swift in Sources */ = {isa = PBXBuildFile; fileRef = E28C42CC0F5EFF325DAE7538 /* MusicKnowledgeModels.swift */; };
		F57764D7E788EE0F91EBB3C1 /* LibrarySnapshot.swift in Sources */ = {isa = PBXBuildFile; fileRef = 52FDB14ADF7EFB9477DBB2CD /* LibrarySnapshot.swift */; };
		F5BF8A3DD83A309C5B228D7A /* IOSNIMChatroomTransport.swift in Sources */ = {isa = PBXBuildFile; fileRef = 432E2D525543D0C9A46E8073 /* IOSNIMChatroomTransport.swift */; };
		FA28815E18453A443AA4C8EA /* CachedAsyncImage.swift in Sources */ = {isa = PBXBuildFile; fileRef = 885FE30D8A2BA70B05CF109B /* CachedAsyncImage.swift */; };
		FBA6A15DA4C44476269E308B /* VideoDownload.swift in Sources */ = {isa = PBXBuildFile; fileRef = 2D353F7EE7C08B23239EB95E /* VideoDownload.swift */; };
		FBACF01AE6E884833E022353 /* AudioContentModels.swift in Sources */ = {isa = PBXBuildFile; fileRef = A6DDBE7FF395D4017C6B7C95 /* AudioContentModels.swift */; };
		FE1271DBC2048BAF397EDA2A /* LiveMusicKnowledgeLibrary.swift in Sources */ = {isa = PBXBuildFile; fileRef = FC0C414066EFE7DCD09CDA42 /* LiveMusicKnowledgeLibrary.swift */; };
		FE6F6AD53D887E84E1B6B2E4 /* LiveMusicRepository+Detail.swift in Sources */ = {isa = PBXBuildFile; fileRef = E8A34CB8F9F5399CA4BBBEB3 /* LiveMusicRepository+Detail.swift */; };
		FEDE83731D6017744F78DF0D /* IOSSearchView.swift in Sources */ = {isa = PBXBuildFile; fileRef = 695DC6210BA2F0C628B58D1D /* IOSSearchView.swift */; };
		FF818427DA97A9C7ECD4687F /* ListenTogetherModels.swift in Sources */ = {isa = PBXBuildFile; fileRef = 494D120D7F581C655436E849 /* ListenTogetherModels.swift */; };
/* End PBXBuildFile section */

/* Begin PBXContainerItemProxy section */
		08A4AE8FA87B744F9D94AEFA /* PBXContainerItemProxy */ = {
			isa = PBXContainerItemProxy;
			containerPortal = 0695D08F1ECF5FBAEF97A7F0 /* Project object */;
			proxyType = 1;
			remoteGlobalIDString = 8AE4333BAB553492A05A6656;
			remoteInfo = TinyCloudMusicIOS;
		};
/* End PBXContainerItemProxy section */

/* Begin PBXFileReference section */
		00F80E2ED52A48D6D29DF541 /* MusicExtraModels.swift */ = {isa = PBXFileReference; lastKnownFileType = sourcecode.swift; path = MusicExtraModels.swift; sourceTree = "<group>"; };
		08458D2DBF07C058093D75B0 /* SessionController.swift */ = {isa = PBXFileReference; lastKnownFileType = sourcecode.swift; path = SessionController.swift; sourceTree = "<group>"; };
		131AA6F9C7BEE42D309A1323 /* MusicDownloadModels.swift */ = {isa = PBXFileReference; lastKnownFileType = sourcecode.swift; path = MusicDownloadModels.swift; sourceTree = "<group>"; };
		147B4314D46546DA3076E509 /* CommentEmojiText.swift */ = {isa = PBXFileReference; lastKnownFileType = sourcecode.swift; path = CommentEmojiText.swift; sourceTree = "<group>"; };
		177FB6C5B4F7056EE6CCCE03 /* PlaylistImageUpload.swift */ = {isa = PBXFileReference; lastKnownFileType = sourcecode.swift; path = PlaylistImageUpload.swift; sourceTree = "<group>"; };
		1DF238C9882A0935DDF6BEAB /* LiveMusicRepository.swift */ = {isa = PBXFileReference; lastKnownFileType = sourcecode.swift; path = LiveMusicRepository.swift; sourceTree = "<group>"; };
		1F98BE751C2ADC7C1D05E079 /* ListeningReportModels.swift */ = {isa = PBXFileReference; lastKnownFileType = sourcecode.swift; path = ListeningReportModels.swift; sourceTree = "<group>"; };
		1FC5C1687718827203B94330 /* Info.plist */ = {isa = PBXFileReference; lastKnownFileType = text.plist; path = Info.plist; sourceTree = "<group>"; };
		B918F0123A0D44019ED17411 /* PrivacyInfo.xcprivacy */ = {isa = PBXFileReference; lastKnownFileType = text.xml; path = PrivacyInfo.xcprivacy; sourceTree = "<group>"; };
		209E7600D6DDC940D31B7D40 /* TrackCache.swift */ = {isa = PBXFileReference; lastKnownFileType = sourcecode.swift; path = TrackCache.swift; sourceTree = "<group>"; };
		237372F2DC585A7BA88E44F1 /* NOSAudioUpload.swift */ = {isa = PBXFileReference; lastKnownFileType = sourcecode.swift; path = NOSAudioUpload.swift; sourceTree = "<group>"; };
		271D0A55A44A681923079BA0 /* Pods-TinyCloudMusicIOS.debug.xcconfig */ = {isa = PBXFileReference; includeInIndex = 1; lastKnownFileType = text.xcconfig; name = "Pods-TinyCloudMusicIOS.debug.xcconfig"; path = "Target Support Files/Pods-TinyCloudMusicIOS/Pods-TinyCloudMusicIOS.debug.xcconfig"; sourceTree = "<group>"; };
		2D353F7EE7C08B23239EB95E /* VideoDownload.swift */ = {isa = PBXFileReference; lastKnownFileType = sourcecode.swift; path = VideoDownload.swift; sourceTree = "<group>"; };
		32EE937525F4155AA6442807 /* TinyCloudMusicIOS.app */ = {isa = PBXFileReference; includeInIndex = 0; lastKnownFileType = wrapper.application; path = TinyCloudMusicIOS.app; sourceTree = BUILT_PRODUCTS_DIR; };
		3CB858401EF198C206AC7F95 /* MusicSheetWorker.swift */ = {isa = PBXFileReference; lastKnownFileType = sourcecode.swift; path = MusicSheetWorker.swift; sourceTree = "<group>"; };
		432E2D525543D0C9A46E8073 /* IOSNIMChatroomTransport.swift */ = {isa = PBXFileReference; lastKnownFileType = sourcecode.swift; path = IOSNIMChatroomTransport.swift; sourceTree = "<group>"; };
		4598E6BBB311DA8EC0EC0058 /* CredentialStore.swift */ = {isa = PBXFileReference; lastKnownFileType = sourcecode.swift; path = CredentialStore.swift; sourceTree = "<group>"; };
		494D120D7F581C655436E849 /* ListenTogetherModels.swift */ = {isa = PBXFileReference; lastKnownFileType = sourcecode.swift; path = ListenTogetherModels.swift; sourceTree = "<group>"; };
		4C030D7DF23BF4C1759BB767 /* LiveVideoLibrary.swift */ = {isa = PBXFileReference; lastKnownFileType = sourcecode.swift; path = LiveVideoLibrary.swift; sourceTree = "<group>"; };
		4CD995D8ED966457940EA9B5 /* IOSListenTogetherView.swift */ = {isa = PBXFileReference; lastKnownFileType = sourcecode.swift; path = IOSListenTogetherView.swift; sourceTree = "<group>"; };
		4FA5F49B9D869DDB09FCB305 /* IOSLibraryView.swift */ = {isa = PBXFileReference; lastKnownFileType = sourcecode.swift; path = IOSLibraryView.swift; sourceTree = "<group>"; };
		50C70E652AB42A8FECA071EC /* MusicDownloadTransfer.swift */ = {isa = PBXFileReference; lastKnownFileType = sourcecode.swift; path = MusicDownloadTransfer.swift; sourceTree = "<group>"; };
		52FDB14ADF7EFB9477DBB2CD /* LibrarySnapshot.swift */ = {isa = PBXFileReference; lastKnownFileType = sourcecode.swift; path = LibrarySnapshot.swift; sourceTree = "<group>"; };
		5799816B2706A6EB0C34D0ED /* IOSPlayerViews.swift */ = {isa = PBXFileReference; lastKnownFileType = sourcecode.swift; path = IOSPlayerViews.swift; sourceTree = "<group>"; };
		587E205B08B131F98D980D94 /* LiveMusicRepository+Search.swift */ = {isa = PBXFileReference; lastKnownFileType = sourcecode.swift; path = "LiveMusicRepository+Search.swift"; sourceTree = "<group>"; };
		5CBBCBAA525E15CD398DAF15 /* Pods-TinyCloudMusicIOSTests.debug.xcconfig */ = {isa = PBXFileReference; includeInIndex = 1; lastKnownFileType = text.xcconfig; name = "Pods-TinyCloudMusicIOSTests.debug.xcconfig"; path = "Target Support Files/Pods-TinyCloudMusicIOSTests/Pods-TinyCloudMusicIOSTests.debug.xcconfig"; sourceTree = "<group>"; };
		5D5C1407CB9804F81F886FBB /* IOSNavigationTests.swift */ = {isa = PBXFileReference; lastKnownFileType = sourcecode.swift; path = IOSNavigationTests.swift; sourceTree = "<group>"; };
		5DC6AD23EC1D0C394F40011A /* AudioRangeResourceLoader.swift */ = {isa = PBXFileReference; lastKnownFileType = sourcecode.swift; path = AudioRangeResourceLoader.swift; sourceTree = "<group>"; };
		5F0C67B2084505A294A26D41 /* libPods-TinyCloudMusicIOS.a */ = {isa = PBXFileReference; explicitFileType = archive.ar; includeInIndex = 0; path = "libPods-TinyCloudMusicIOS.a"; sourceTree = BUILT_PRODUCTS_DIR; };
		5F8ACAED260F2B7864FCD541 /* LiveListenTogetherService.swift */ = {isa = PBXFileReference; lastKnownFileType = sourcecode.swift; path = LiveListenTogetherService.swift; sourceTree = "<group>"; };
		6675A8EF2F3C82496758DD84 /* IOSDesignSupport.swift */ = {isa = PBXFileReference; lastKnownFileType = sourcecode.swift; path = IOSDesignSupport.swift; sourceTree = "<group>"; };
		695DC6210BA2F0C628B58D1D /* IOSSearchView.swift */ = {isa = PBXFileReference; lastKnownFileType = sourcecode.swift; path = IOSSearchView.swift; sourceTree = "<group>"; };
		6D3464BAC262413CDCC3A3EF /* LiveAudioContentLibrary.swift */ = {isa = PBXFileReference; lastKnownFileType = sourcecode.swift; path = LiveAudioContentLibrary.swift; sourceTree = "<group>"; };
		6FBCD68532168BB4BAE17A64 /* CloudMusicModels.swift */ = {isa = PBXFileReference; lastKnownFileType = sourcecode.swift; path = CloudMusicModels.swift; sourceTree = "<group>"; };
		7295FC93E49C46444EF313DE /* StreamingByteRange.swift */ = {isa = PBXFileReference; lastKnownFileType = sourcecode.swift; path = StreamingByteRange.swift; sourceTree = "<group>"; };
		817A82FA72F351D7EF4B0327 /* TinyCloudMusicIOSApp.swift */ = {isa = PBXFileReference; lastKnownFileType = sourcecode.swift; path = TinyCloudMusicIOSApp.swift; sourceTree = "<group>"; };
		885FE30D8A2BA70B05CF109B /* CachedAsyncImage.swift */ = {isa = PBXFileReference; lastKnownFileType = sourcecode.swift; path = CachedAsyncImage.swift; sourceTree = "<group>"; };
		89789A371918A57EB54D4E09 /* ListenTogetherController.swift */ = {isa = PBXFileReference; lastKnownFileType = sourcecode.swift; path = ListenTogetherController.swift; sourceTree = "<group>"; };
		8D5DD17180615EBA3F5302A1 /* PlayerController.swift */ = {isa = PBXFileReference; lastKnownFileType = sourcecode.swift; path = PlayerController.swift; sourceTree = "<group>"; };
		95C03AD38023EDB8DDAC7BF4 /* TinyCloudMusicIOSTests.xctest */ = {isa = PBXFileReference; includeInIndex = 0; lastKnownFileType = wrapper.cfbundle; path = TinyCloudMusicIOSTests.xctest; sourceTree = BUILT_PRODUCTS_DIR; };
		9B792A9644DF2915EFBF9DC0 /* RecommendationMemoryModels.swift */ = {isa = PBXFileReference; lastKnownFileType = sourcecode.swift; path = RecommendationMemoryModels.swift; sourceTree = "<group>"; };
		A1390990F040AC9FB7257C32 /* Repository.swift */ = {isa = PBXFileReference; lastKnownFileType = sourcecode.swift; path = Repository.swift; sourceTree = "<group>"; };
		A16360F86C183F2146604B2E /* PersonalFMController.swift */ = {isa = PBXFileReference; lastKnownFileType = sourcecode.swift; path = PersonalFMController.swift; sourceTree = "<group>"; };
		A2B6B6B0D55E6628E56E99D0 /* IOSAccountView.swift */ = {isa = PBXFileReference; lastKnownFileType = sourcecode.swift; path = IOSAccountView.swift; sourceTree = "<group>"; };
		A2DCFD7199892E10B9DD4EE4 /* TrackRangeCache.swift */ = {isa = PBXFileReference; lastKnownFileType = sourcecode.swift; path = TrackRangeCache.swift; sourceTree = "<group>"; };
		A6DDBE7FF395D4017C6B7C95 /* AudioContentModels.swift */ = {isa = PBXFileReference; lastKnownFileType = sourcecode.swift; path = AudioContentModels.swift; sourceTree = "<group>"; };
		A8245F95951D3B8E5821A67C /* Pods-TinyCloudMusicIOSTests.release.xcconfig */ = {isa = PBXFileReference; includeInIndex = 1; lastKnownFileType = text.xcconfig; name = "Pods-TinyCloudMusicIOSTests.release.xcconfig"; path = "Target Support Files/Pods-TinyCloudMusicIOSTests/Pods-TinyCloudMusicIOSTests.release.xcconfig"; sourceTree = "<group>"; };
		AD7B60CE85D0A74510637453 /* MusicDownloadInfrastructure.swift */ = {isa = PBXFileReference; lastKnownFileType = sourcecode.swift; path = MusicDownloadInfrastructure.swift; sourceTree = "<group>"; };
		AF254F5238DC5B751A6FC972 /* IOSAppContainer.swift */ = {isa = PBXFileReference; lastKnownFileType = sourcecode.swift; path = IOSAppContainer.swift; sourceTree = "<group>"; };
		B305702B6B4E368CBF79DDD8 /* Pods-TinyCloudMusicIOS.release.xcconfig */ = {isa = PBXFileReference; includeInIndex = 1; lastKnownFileType = text.xcconfig; name = "Pods-TinyCloudMusicIOS.release.xcconfig"; path = "Target Support Files/Pods-TinyCloudMusicIOS/Pods-TinyCloudMusicIOS.release.xcconfig"; sourceTree = "<group>"; };
		B5FE7450278E71A9BB0D3EB0 /* LiveMusicRepository+Home.swift */ = {isa = PBXFileReference; lastKnownFileType = sourcecode.swift; path = "LiveMusicRepository+Home.swift"; sourceTree = "<group>"; };
		BB7B3FF213685661E49A6430 /* IOSMediaView.swift */ = {isa = PBXFileReference; lastKnownFileType = sourcecode.swift; path = IOSMediaView.swift; sourceTree = "<group>"; };
		BCF560906FAC42DC25C86628 /* CredentialSnapshot.swift */ = {isa = PBXFileReference; lastKnownFileType = sourcecode.swift; path = CredentialSnapshot.swift; sourceTree = "<group>"; };
		C063509456ACD12606D4E83A /* AppModel.swift */ = {isa = PBXFileReference; lastKnownFileType = sourcecode.swift; path = AppModel.swift; sourceTree = "<group>"; };
		C2295AE305B4BA828A7C94B3 /* MusicLibraryModels.swift */ = {isa = PBXFileReference; lastKnownFileType = sourcecode.swift; path = MusicLibraryModels.swift; sourceTree = "<group>"; };
		CAEE5B9E8EE268F77409525E /* libPods-TinyCloudMusicIOSTests.a */ = {isa = PBXFileReference; explicitFileType = archive.ar; includeInIndex = 0; path = "libPods-TinyCloudMusicIOSTests.a"; sourceTree = BUILT_PRODUCTS_DIR; };
		CCC830BF0C9E13B8D8B4C6CB /* VideoModels.swift */ = {isa = PBXFileReference; lastKnownFileType = sourcecode.swift; path = VideoModels.swift; sourceTree = "<group>"; };
		D00E97B950D8F1DF7D1411C9 /* EAPITransport.swift */ = {isa = PBXFileReference; lastKnownFileType = sourcecode.swift; path = EAPITransport.swift; sourceTree = "<group>"; };
		D8067201BE5809EDD600F5F3 /* IOSRootView.swift */ = {isa = PBXFileReference; lastKnownFileType = sourcecode.swift; path = IOSRootView.swift; sourceTree = "<group>"; };
		D9DFAA355A76FE284925AF48 /* IOSDiscoverSearchComponents.swift */ = {isa = PBXFileReference; lastKnownFileType = sourcecode.swift; path = IOSDiscoverSearchComponents.swift; sourceTree = "<group>"; };
		DA9A29B46F14DF0BCECFA342 /* Models.swift */ = {isa = PBXFileReference; lastKnownFileType = sourcecode.swift; path = Models.swift; sourceTree = "<group>"; };
		DB395FBF5847CD269D0058A8 /* IOSDiscoverView.swift */ = {isa = PBXFileReference; lastKnownFileType = sourcecode.swift; path = IOSDiscoverView.swift; sourceTree = "<group>"; };
		E11ED35390DA90540E3ADA48 /* AudioUploadModels.swift */ = {isa = PBXFileReference; lastKnownFileType = sourcecode.swift; path = AudioUploadModels.swift; sourceTree = "<group>"; };
		E12EBA0EC13C41F5BF100AF8 /* LiveMusicLibrary.swift */ = {isa = PBXFileReference; lastKnownFileType = sourcecode.swift; path = LiveMusicLibrary.swift; sourceTree = "<group>"; };
		E28C42CC0F5EFF325DAE7538 /* MusicKnowledgeModels.swift */ = {isa = PBXFileReference; lastKnownFileType = sourcecode.swift; path = MusicKnowledgeModels.swift; sourceTree = "<group>"; };
		E8A34CB8F9F5399CA4BBBEB3 /* LiveMusicRepository+Detail.swift */ = {isa = PBXFileReference; lastKnownFileType = sourcecode.swift; path = "LiveMusicRepository+Detail.swift"; sourceTree = "<group>"; };
		EE75D5ABE87A1E9A74ECFD1E /* AudioUploadManager.swift */ = {isa = PBXFileReference; lastKnownFileType = sourcecode.swift; path = AudioUploadManager.swift; sourceTree = "<group>"; };
		F01FC8DC402619DF3C468F4A /* AudioUploadAPI.swift */ = {isa = PBXFileReference; lastKnownFileType = sourcecode.swift; path = AudioUploadAPI.swift; sourceTree = "<group>"; };
		F25317B0008207B7BA3ECE13 /* LiveMusicExtras.swift */ = {isa = PBXFileReference; lastKnownFileType = sourcecode.swift; path = LiveMusicExtras.swift; sourceTree = "<group>"; };
		F477C4A4455288C5BA0B5A30 /* ListeningFootprintsView.swift */ = {isa = PBXFileReference; lastKnownFileType = sourcecode.swift; path = ListeningFootprintsView.swift; sourceTree = "<group>"; };
		FBC221C3AF0638732AD98F89 /* IOSRouteDestinationView.swift */ = {isa = PBXFileReference; lastKnownFileType = sourcecode.swift; path = IOSRouteDestinationView.swift; sourceTree = "<group>"; };
		FC0C414066EFE7DCD09CDA42 /* LiveMusicKnowledgeLibrary.swift */ = {isa = PBXFileReference; lastKnownFileType = sourcecode.swift; path = LiveMusicKnowledgeLibrary.swift; sourceTree = "<group>"; };
		FDD1E960A7373EC7A423CB40 /* Assets.xcassets */ = {isa = PBXFileReference; lastKnownFileType = folder.assetcatalog; path = Assets.xcassets; sourceTree = "<group>"; };
		FEB11979329FD60AF1DCFA0B /* MusicDownload.swift */ = {isa = PBXFileReference; lastKnownFileType = sourcecode.swift; path = MusicDownload.swift; sourceTree = "<group>"; };
		FEFE65805CF3B802DDA9EC0A /* IOSAudioSessionCoordinator.swift */ = {isa = PBXFileReference; lastKnownFileType = sourcecode.swift; path = IOSAudioSessionCoordinator.swift; sourceTree = "<group>"; };
/* End PBXFileReference section */

/* Begin PBXFrameworksBuildPhase section */
		9645FC454E6F5E40076DBF2E /* Frameworks */ = {
			isa = PBXFrameworksBuildPhase;
			buildActionMask = 2147483647;
			files = (
				B3E8F5EDB19F023E6143516F /* Nuke in Frameworks */,
				AAD8519E78FE2B61DCEB6730 /* NukeUI in Frameworks */,
				C827B6F2F18E83FF46960D72 /* libPods-TinyCloudMusicIOS.a in Frameworks */,
			);
			runOnlyForDeploymentPostprocessing = 0;
		};
		EC5DA8F8A84219F03FC7E56B /* Frameworks */ = {
			isa = PBXFrameworksBuildPhase;
			buildActionMask = 2147483647;
			files = (
				9B068F18F199491508DDF8C6 /* libPods-TinyCloudMusicIOSTests.a in Frameworks */,
			);
			runOnlyForDeploymentPostprocessing = 0;
		};
/* End PBXFrameworksBuildPhase section */

/* Begin PBXGroup section */
		02CD04BB20E1111322286FA0 /* LibraryMedia */ = {
			isa = PBXGroup;
			children = (
				A2B6B6B0D55E6628E56E99D0 /* IOSAccountView.swift */,
				4FA5F49B9D869DDB09FCB305 /* IOSLibraryView.swift */,
				BB7B3FF213685661E49A6430 /* IOSMediaView.swift */,
			);
			path = LibraryMedia;
			sourceTree = "<group>";
		};
		094793114FFEE859AF85AB76 /* Frameworks */ = {
			isa = PBXGroup;
			children = (
				5F0C67B2084505A294A26D41 /* libPods-TinyCloudMusicIOS.a */,
				CAEE5B9E8EE268F77409525E /* libPods-TinyCloudMusicIOSTests.a */,
			);
			name = Frameworks;
			sourceTree = "<group>";
		};
		0EDBD59F5F81FCF0B0E265D1 /* Products */ = {
			isa = PBXGroup;
			children = (
				32EE937525F4155AA6442807 /* TinyCloudMusicIOS.app */,
				95C03AD38023EDB8DDAC7BF4 /* TinyCloudMusicIOSTests.xctest */,
			);
			name = Products;
			sourceTree = "<group>";
		};
		3EDF9DABED6A85FA7EFC3096 /* TCM */ = {
			isa = PBXGroup;
			children = (
				9FED9B3D217BE47001E23B78 /* Sources */,
			);
			name = TCM;
			path = ..;
			sourceTree = "<group>";
		};
		4476699E68FC70D3473E5C66 /* DiscoverSearch */ = {
			isa = PBXGroup;
			children = (
				D9DFAA355A76FE284925AF48 /* IOSDiscoverSearchComponents.swift */,
				DB395FBF5847CD269D0058A8 /* IOSDiscoverView.swift */,
				FBC221C3AF0638732AD98F89 /* IOSRouteDestinationView.swift */,
				695DC6210BA2F0C628B58D1D /* IOSSearchView.swift */,
			);
			path = DiscoverSearch;
			sourceTree = "<group>";
		};
		464A993CF3DEEED8CB65FFB4 = {
			isa = PBXGroup;
			children = (
				3EDF9DABED6A85FA7EFC3096 /* TCM */,
				8E05F36353C445DD25094477 /* TinyCloudMusicIOS */,
				90EE86D72D1846D1056D7D32 /* TinyCloudMusicIOSTests */,
				0EDBD59F5F81FCF0B0E265D1 /* Products */,
				E7EDE0BB7058E41FCB38A329 /* Pods */,
				094793114FFEE859AF85AB76 /* Frameworks */,
			);
			sourceTree = "<group>";
		};
		6325E0C6FDDC27855171B6FA /* Platform */ = {
			isa = PBXGroup;
			children = (
				FEFE65805CF3B802DDA9EC0A /* IOSAudioSessionCoordinator.swift */,
				432E2D525543D0C9A46E8073 /* IOSNIMChatroomTransport.swift */,
			);
			path = Platform;
			sourceTree = "<group>";
		};
		7F3A1DC4FC808DB14634DC1B /* SharedOverrides */ = {
			isa = PBXGroup;
			children = (
				C063509456ACD12606D4E83A /* AppModel.swift */,
				E11ED35390DA90540E3ADA48 /* AudioUploadModels.swift */,
				AD7B60CE85D0A74510637453 /* MusicDownloadInfrastructure.swift */,
				237372F2DC585A7BA88E44F1 /* NOSAudioUpload.swift */,
				A16360F86C183F2146604B2E /* PersonalFMController.swift */,
			);
			path = SharedOverrides;
			sourceTree = "<group>";
		};
		8C80F799F4820ED604E0329A /* Player */ = {
			isa = PBXGroup;
			children = (
				6675A8EF2F3C82496758DD84 /* IOSDesignSupport.swift */,
				4CD995D8ED966457940EA9B5 /* IOSListenTogetherView.swift */,
				5799816B2706A6EB0C34D0ED /* IOSPlayerViews.swift */,
			);
			path = Player;
			sourceTree = "<group>";
		};
		8E05F36353C445DD25094477 /* TinyCloudMusicIOS */ = {
			isa = PBXGroup;
			children = (
				FDD1E960A7373EC7A423CB40 /* Assets.xcassets */,
				1FC5C1687718827203B94330 /* Info.plist */,
				B918F0123A0D44019ED17411 /* PrivacyInfo.xcprivacy */,
				962C3DF5323669C9D6DE46BA /* App */,
				6325E0C6FDDC27855171B6FA /* Platform */,
				7F3A1DC4FC808DB14634DC1B /* SharedOverrides */,
				C4ACAA8502D7C080D41CB385 /* UI */,
			);
			path = TinyCloudMusicIOS;
			sourceTree = "<group>";
		};
		90EE86D72D1846D1056D7D32 /* TinyCloudMusicIOSTests */ = {
			isa = PBXGroup;
			children = (
				5D5C1407CB9804F81F886FBB /* IOSNavigationTests.swift */,
			);
			path = TinyCloudMusicIOSTests;
			sourceTree = "<group>";
		};
		962C3DF5323669C9D6DE46BA /* App */ = {
			isa = PBXGroup;
			children = (
				AF254F5238DC5B751A6FC972 /* IOSAppContainer.swift */,
				52FDB14ADF7EFB9477DBB2CD /* LibrarySnapshot.swift */,
				817A82FA72F351D7EF4B0327 /* TinyCloudMusicIOSApp.swift */,
			);
			path = App;
			sourceTree = "<group>";
		};
		9FED9B3D217BE47001E23B78 /* Sources */ = {
			isa = PBXGroup;
			children = (
				D17D975D8674DDAFA9A28E56 /* SharedCore */,
			);
			path = Sources;
			sourceTree = "<group>";
		};
		C4ACAA8502D7C080D41CB385 /* UI */ = {
			isa = PBXGroup;
			children = (
				D8067201BE5809EDD600F5F3 /* IOSRootView.swift */,
				4476699E68FC70D3473E5C66 /* DiscoverSearch */,
				02CD04BB20E1111322286FA0 /* LibraryMedia */,
				8C80F799F4820ED604E0329A /* Player */,
			);
			path = UI;
			sourceTree = "<group>";
		};
		D17D975D8674DDAFA9A28E56 /* SharedCore */ = {
			isa = PBXGroup;
			children = (
				A6DDBE7FF395D4017C6B7C95 /* AudioContentModels.swift */,
				5DC6AD23EC1D0C394F40011A /* AudioRangeResourceLoader.swift */,
				F01FC8DC402619DF3C468F4A /* AudioUploadAPI.swift */,
				EE75D5ABE87A1E9A74ECFD1E /* AudioUploadManager.swift */,
				885FE30D8A2BA70B05CF109B /* CachedAsyncImage.swift */,
				6FBCD68532168BB4BAE17A64 /* CloudMusicModels.swift */,
				147B4314D46546DA3076E509 /* CommentEmojiText.swift */,
				BCF560906FAC42DC25C86628 /* CredentialSnapshot.swift */,
				4598E6BBB311DA8EC0EC0058 /* CredentialStore.swift */,
				D00E97B950D8F1DF7D1411C9 /* EAPITransport.swift */,
				F477C4A4455288C5BA0B5A30 /* ListeningFootprintsView.swift */,
				1F98BE751C2ADC7C1D05E079 /* ListeningReportModels.swift */,
				89789A371918A57EB54D4E09 /* ListenTogetherController.swift */,
				494D120D7F581C655436E849 /* ListenTogetherModels.swift */,
				6D3464BAC262413CDCC3A3EF /* LiveAudioContentLibrary.swift */,
				5F8ACAED260F2B7864FCD541 /* LiveListenTogetherService.swift */,
				F25317B0008207B7BA3ECE13 /* LiveMusicExtras.swift */,
				FC0C414066EFE7DCD09CDA42 /* LiveMusicKnowledgeLibrary.swift */,
				E12EBA0EC13C41F5BF100AF8 /* LiveMusicLibrary.swift */,
				1DF238C9882A0935DDF6BEAB /* LiveMusicRepository.swift */,
				E8A34CB8F9F5399CA4BBBEB3 /* LiveMusicRepository+Detail.swift */,
				B5FE7450278E71A9BB0D3EB0 /* LiveMusicRepository+Home.swift */,
				587E205B08B131F98D980D94 /* LiveMusicRepository+Search.swift */,
				4C030D7DF23BF4C1759BB767 /* LiveVideoLibrary.swift */,
				DA9A29B46F14DF0BCECFA342 /* Models.swift */,
				FEB11979329FD60AF1DCFA0B /* MusicDownload.swift */,
				131AA6F9C7BEE42D309A1323 /* MusicDownloadModels.swift */,
				50C70E652AB42A8FECA071EC /* MusicDownloadTransfer.swift */,
				00F80E2ED52A48D6D29DF541 /* MusicExtraModels.swift */,
				E28C42CC0F5EFF325DAE7538 /* MusicKnowledgeModels.swift */,
				C2295AE305B4BA828A7C94B3 /* MusicLibraryModels.swift */,
				3CB858401EF198C206AC7F95 /* MusicSheetWorker.swift */,
				8D5DD17180615EBA3F5302A1 /* PlayerController.swift */,
				177FB6C5B4F7056EE6CCCE03 /* PlaylistImageUpload.swift */,
				9B792A9644DF2915EFBF9DC0 /* RecommendationMemoryModels.swift */,
				A1390990F040AC9FB7257C32 /* Repository.swift */,
				08458D2DBF07C058093D75B0 /* SessionController.swift */,
				7295FC93E49C46444EF313DE /* StreamingByteRange.swift */,
				209E7600D6DDC940D31B7D40 /* TrackCache.swift */,
				A2DCFD7199892E10B9DD4EE4 /* TrackRangeCache.swift */,
				2D353F7EE7C08B23239EB95E /* VideoDownload.swift */,
				CCC830BF0C9E13B8D8B4C6CB /* VideoModels.swift */,
			);
			name = SharedCore;
			path = TinyCloudMusic;
			sourceTree = "<group>";
		};
		E7EDE0BB7058E41FCB38A329 /* Pods */ = {
			isa = PBXGroup;
			children = (
				271D0A55A44A681923079BA0 /* Pods-TinyCloudMusicIOS.debug.xcconfig */,
				B305702B6B4E368CBF79DDD8 /* Pods-TinyCloudMusicIOS.release.xcconfig */,
				5CBBCBAA525E15CD398DAF15 /* Pods-TinyCloudMusicIOSTests.debug.xcconfig */,
				A8245F95951D3B8E5821A67C /* Pods-TinyCloudMusicIOSTests.release.xcconfig */,
			);
			name = Pods;
			path = Pods;
			sourceTree = "<group>";
		};
/* End PBXGroup section */

/* Begin PBXNativeTarget section */
		803717A5DA9F49650966F3DD /* TinyCloudMusicIOSTests */ = {
			isa = PBXNativeTarget;
			buildConfigurationList = 6E809462CDE382AE97ED739A /* Build configuration list for PBXNativeTarget "TinyCloudMusicIOSTests" */;
			buildPhases = (
				974EEA685888B074C585F5C9 /* [CP] Check Pods Manifest.lock */,
				B1FB29A7A95563E5377BAB7E /* Sources */,
				EC5DA8F8A84219F03FC7E56B /* Frameworks */,
			);
			buildRules = (
			);
			dependencies = (
				BABE9EC4834B4D5A3CCA9C05 /* PBXTargetDependency */,
			);
			name = TinyCloudMusicIOSTests;
			productName = TinyCloudMusicIOSTests;
			productReference = 95C03AD38023EDB8DDAC7BF4 /* TinyCloudMusicIOSTests.xctest */;
			productType = "com.apple.product-type.bundle.unit-test";
		};
		8AE4333BAB553492A05A6656 /* TinyCloudMusicIOS */ = {
			isa = PBXNativeTarget;
			buildConfigurationList = 2D24C572247F8974A0285987 /* Build configuration list for PBXNativeTarget "TinyCloudMusicIOS" */;
			buildPhases = (
				94604B1DE5560389602AF309 /* [CP] Check Pods Manifest.lock */,
				515966E73E57C3F3DD29E149 /* Sources */,
				D2DA0299262CC663DA9EA957 /* Resources */,
				9645FC454E6F5E40076DBF2E /* Frameworks */,
				1D09F8C4D91B63A223ED2389 /* [CP] Embed Pods Frameworks */,
			);
			buildRules = (
			);
			dependencies = (
			);
			name = TinyCloudMusicIOS;
			packageProductDependencies = (
				76D1B0117082AEC1BB879291 /* Nuke */,
				78EBDD1389378FD4B9732828 /* NukeUI */,
			);
			productName = TinyCloudMusicIOS;
			productReference = 32EE937525F4155AA6442807 /* TinyCloudMusicIOS.app */;
			productType = "com.apple.product-type.application";
		};
/* End PBXNativeTarget section */

/* Begin PBXProject section */
		0695D08F1ECF5FBAEF97A7F0 /* Project object */ = {
			isa = PBXProject;
			attributes = {
				BuildIndependentTargetsInParallel = YES;
				LastUpgradeCheck = 1430;
				TargetAttributes = {
					803717A5DA9F49650966F3DD = {
						DevelopmentTeam = "";
						ProvisioningStyle = Automatic;
					};
					8AE4333BAB553492A05A6656 = {
						DevelopmentTeam = "";
						ProvisioningStyle = Automatic;
					};
				};
			};
			buildConfigurationList = A0BE925E6847FD3F379D12FC /* Build configuration list for PBXProject "TinyCloudMusicIOS" */;
			developmentRegion = en;
			hasScannedForEncodings = 0;
			knownRegions = (
				Base,
				en,
			);
			mainGroup = 464A993CF3DEEED8CB65FFB4;
			minimizedProjectReferenceProxies = 1;
			packageReferences = (
				3835EFED639457E1A73A5A5F /* XCRemoteSwiftPackageReference "Nuke" */,
			);
			preferredProjectObjectVersion = 77;
			productRefGroup = 0EDBD59F5F81FCF0B0E265D1 /* Products */;
			projectDirPath = "";
			projectRoot = "";
			targets = (
				8AE4333BAB553492A05A6656 /* TinyCloudMusicIOS */,
				803717A5DA9F49650966F3DD /* TinyCloudMusicIOSTests */,
			);
		};
/* End PBXProject section */

/* Begin PBXResourcesBuildPhase section */
		D2DA0299262CC663DA9EA957 /* Resources */ = {
			isa = PBXResourcesBuildPhase;
			buildActionMask = 2147483647;
			files = (
				E7DCB6F2C51EDDF1FA8C1A50 /* Assets.xcassets in Resources */,
				B918F0123A0D44019ED17410 /* PrivacyInfo.xcprivacy in Resources */,
			);
			runOnlyForDeploymentPostprocessing = 0;
		};
/* End PBXResourcesBuildPhase section */

/* Begin PBXShellScriptBuildPhase section */
		1D09F8C4D91B63A223ED2389 /* [CP] Embed Pods Frameworks */ = {
			isa = PBXShellScriptBuildPhase;
			buildActionMask = 2147483647;
			files = (
			);
			inputFileListPaths = (
				"${PODS_ROOT}/Target Support Files/Pods-TinyCloudMusicIOS/Pods-TinyCloudMusicIOS-frameworks-${CONFIGURATION}-input-files.xcfilelist",
			);
			name = "[CP] Embed Pods Frameworks";
			outputFileListPaths = (
				"${PODS_ROOT}/Target Support Files/Pods-TinyCloudMusicIOS/Pods-TinyCloudMusicIOS-frameworks-${CONFIGURATION}-output-files.xcfilelist",
			);
			runOnlyForDeploymentPostprocessing = 0;
			shellPath = /bin/sh;
			shellScript = "\"${PODS_ROOT}/Target Support Files/Pods-TinyCloudMusicIOS/Pods-TinyCloudMusicIOS-frameworks.sh\"\n";
			showEnvVarsInLog = 0;
		};
		94604B1DE5560389602AF309 /* [CP] Check Pods Manifest.lock */ = {
			isa = PBXShellScriptBuildPhase;
			buildActionMask = 2147483647;
			files = (
			);
			inputFileListPaths = (
			);
			inputPaths = (
				"${PODS_PODFILE_DIR_PATH}/Podfile.lock",
				"${PODS_ROOT}/Manifest.lock",
			);
			name = "[CP] Check Pods Manifest.lock";
			outputFileListPaths = (
			);
			outputPaths = (
				"$(DERIVED_FILE_DIR)/Pods-TinyCloudMusicIOS-checkManifestLockResult.txt",
			);
			runOnlyForDeploymentPostprocessing = 0;
			shellPath = /bin/sh;
			shellScript = "diff \"${PODS_PODFILE_DIR_PATH}/Podfile.lock\" \"${PODS_ROOT}/Manifest.lock\" > /dev/null\nif [ $? != 0 ] ; then\n    # print error to STDERR\n    echo \"error: The sandbox is not in sync with the Podfile.lock. Run 'pod install' or update your CocoaPods installation.\" >&2\n    exit 1\nfi\n# This output is used by Xcode 'outputs' to avoid re-running this script phase.\necho \"SUCCESS\" > \"${SCRIPT_OUTPUT_FILE_0}\"\n";
			showEnvVarsInLog = 0;
		};
		974EEA685888B074C585F5C9 /* [CP] Check Pods Manifest.lock */ = {
			isa = PBXShellScriptBuildPhase;
			buildActionMask = 2147483647;
			files = (
			);
			inputFileListPaths = (
			);
			inputPaths = (
				"${PODS_PODFILE_DIR_PATH}/Podfile.lock",
				"${PODS_ROOT}/Manifest.lock",
			);
			name = "[CP] Check Pods Manifest.lock";
			outputFileListPaths = (
			);
			outputPaths = (
				"$(DERIVED_FILE_DIR)/Pods-TinyCloudMusicIOSTests-checkManifestLockResult.txt",
			);
			runOnlyForDeploymentPostprocessing = 0;
			shellPath = /bin/sh;
			shellScript = "diff \"${PODS_PODFILE_DIR_PATH}/Podfile.lock\" \"${PODS_ROOT}/Manifest.lock\" > /dev/null\nif [ $? != 0 ] ; then\n    # print error to STDERR\n    echo \"error: The sandbox is not in sync with the Podfile.lock. Run 'pod install' or update your CocoaPods installation.\" >&2\n    exit 1\nfi\n# This output is used by Xcode 'outputs' to avoid re-running this script phase.\necho \"SUCCESS\" > \"${SCRIPT_OUTPUT_FILE_0}\"\n";
			showEnvVarsInLog = 0;
		};
/* End PBXShellScriptBuildPhase section */

/* Begin PBXSourcesBuildPhase section */
		515966E73E57C3F3DD29E149 /* Sources */ = {
			isa = PBXSourcesBuildPhase;
			buildActionMask = 2147483647;
			files = (
				CB4D6FE6B826DE5224023ABF /* AppModel.swift in Sources */,
				FBACF01AE6E884833E022353 /* AudioContentModels.swift in Sources */,
				F08115745A542E50ADC14906 /* AudioRangeResourceLoader.swift in Sources */,
				69A52B84F76C5281835EDAB3 /* AudioUploadAPI.swift in Sources */,
				0D94466064C6E38BB10E9ADF /* AudioUploadManager.swift in Sources */,
				2216036393CD11182A2CBA1F /* AudioUploadModels.swift in Sources */,
				FA28815E18453A443AA4C8EA /* CachedAsyncImage.swift in Sources */,
				2D7B7D411F6CBA30705BF6D8 /* CloudMusicModels.swift in Sources */,
				CF658C63E47424FE28EE026D /* CommentEmojiText.swift in Sources */,
				8B72CA64170D803888F74239 /* CredentialSnapshot.swift in Sources */,
				83956E6080F1DA4FAA88AEE3 /* CredentialStore.swift in Sources */,
				208E49ED1A6536DE8392A16D /* EAPITransport.swift in Sources */,
				B8C9DB7D3FC65A0F6C9B5BDC /* IOSAccountView.swift in Sources */,
				05BF70C216332FCED9A46713 /* IOSAppContainer.swift in Sources */,
				4171C1B9BE4BCD837CD47F7D /* IOSAudioSessionCoordinator.swift in Sources */,
				154B9174344C923A84D10A80 /* IOSDesignSupport.swift in Sources */,
				7384BA700E0285C9D32FDE57 /* IOSDiscoverSearchComponents.swift in Sources */,
				04E5C8D1273370F3FEC0EEF5 /* IOSDiscoverView.swift in Sources */,
				8F6976BD4D4140CBCD38C725 /* IOSLibraryView.swift in Sources */,
				1D49C270EF7C10512C55C7A1 /* IOSListenTogetherView.swift in Sources */,
				162EE889620A2658573339B3 /* IOSMediaView.swift in Sources */,
				F5BF8A3DD83A309C5B228D7A /* IOSNIMChatroomTransport.swift in Sources */,
				E219EA5E54266B539E0C7100 /* IOSPlayerViews.swift in Sources */,
				1D1D2FEDAD47751382571F0A /* IOSRootView.swift in Sources */,
				B58916B2EE0F14DDD876657D /* IOSRouteDestinationView.swift in Sources */,
				FEDE83731D6017744F78DF0D /* IOSSearchView.swift in Sources */,
				F57764D7E788EE0F91EBB3C1 /* LibrarySnapshot.swift in Sources */,
				C530A500B976A8EA8A92E140 /* ListenTogetherController.swift in Sources */,
				FF818427DA97A9C7ECD4687F /* ListenTogetherModels.swift in Sources */,
				3EC912A33DCEEF29A27BCA39 /* ListeningFootprintsView.swift in Sources */,
				A46AF2AF6000F27E9BA643BD /* ListeningReportModels.swift in Sources */,
				C750FEC49DEB13BB113B7DB9 /* LiveAudioContentLibrary.swift in Sources */,
				E4379CC21FC020853410878B /* LiveListenTogetherService.swift in Sources */,
				504A6B56DAB63D87F214D992 /* LiveMusicExtras.swift in Sources */,
				FE1271DBC2048BAF397EDA2A /* LiveMusicKnowledgeLibrary.swift in Sources */,
				0A43C63520FD7DE51736E341 /* LiveMusicLibrary.swift in Sources */,
				FE6F6AD53D887E84E1B6B2E4 /* LiveMusicRepository+Detail.swift in Sources */,
				1D8791C534ABF9E8F32700A0 /* LiveMusicRepository+Home.swift in Sources */,
				DEE1767299A70977949A5BAD /* LiveMusicRepository+Search.swift in Sources */,
				794E25A284B3352CF36F991D /* LiveMusicRepository.swift in Sources */,
				3BEB48A66E9A5052549B2E81 /* LiveVideoLibrary.swift in Sources */,
				97CF79297E1E74A28A21EC6B /* Models.swift in Sources */,
				9CC2E6DE83FDCCEE0B3F62EB /* MusicDownload.swift in Sources */,
				025004862D782EF2B092A60D /* MusicDownloadInfrastructure.swift in Sources */,
				CA3B5EDE0D92B35841FE0C69 /* MusicDownloadModels.swift in Sources */,
				AB8FCAFB6019603653F5F5C6 /* MusicDownloadTransfer.swift in Sources */,
				494FF1BC5CEF410373BCFFA8 /* MusicExtraModels.swift in Sources */,
				F3379EC4E0004CEC1C529199 /* MusicKnowledgeModels.swift in Sources */,
				2B5B416F8732A205C3A8AA18 /* MusicLibraryModels.swift in Sources */,
				62CC1DF852E3AE4BC0085C14 /* MusicSheetWorker.swift in Sources */,
				9B9345F5DCD64A13E06FF0C7 /* NOSAudioUpload.swift in Sources */,
				7B660B2912B1826FE73BE8BD /* PersonalFMController.swift in Sources */,
				40F1F4ED864BAD042BC9FC24 /* PlayerController.swift in Sources */,
				EE0F6351808F9C7EB2032E2B /* PlaylistImageUpload.swift in Sources */,
				2A47683C61A3021FEE1FA9D4 /* RecommendationMemoryModels.swift in Sources */,
				3A3C14024398CF92A8ACA117 /* Repository.swift in Sources */,
				8E6807510C81F28ECCEE9991 /* SessionController.swift in Sources */,
				C256F2EAAB505E9327AFECFE /* StreamingByteRange.swift in Sources */,
				C4849C05435523B2E3B1CBB6 /* TinyCloudMusicIOSApp.swift in Sources */,
				30740F94B62D44993CF1D382 /* TrackCache.swift in Sources */,
				087399AA51D0F4CBEB4C2D40 /* TrackRangeCache.swift in Sources */,
				FBA6A15DA4C44476269E308B /* VideoDownload.swift in Sources */,
				7C7B7E9669146FE3BFD22D19 /* VideoModels.swift in Sources */,
			);
			runOnlyForDeploymentPostprocessing = 0;
		};
		B1FB29A7A95563E5377BAB7E /* Sources */ = {
			isa = PBXSourcesBuildPhase;
			buildActionMask = 2147483647;
			files = (
				0FDF2A159E8247F9AC8D8686 /* IOSNavigationTests.swift in Sources */,
			);
			runOnlyForDeploymentPostprocessing = 0;
		};
/* End PBXSourcesBuildPhase section */

/* Begin PBXTargetDependency section */
		BABE9EC4834B4D5A3CCA9C05 /* PBXTargetDependency */ = {
			isa = PBXTargetDependency;
			target = 8AE4333BAB553492A05A6656 /* TinyCloudMusicIOS */;
			targetProxy = 08A4AE8FA87B744F9D94AEFA /* PBXContainerItemProxy */;
		};
/* End PBXTargetDependency section */

/* Begin XCBuildConfiguration section */
		014DBE81A29563E21602238C /* Debug */ = {
			isa = XCBuildConfiguration;
			baseConfigurationReference = 271D0A55A44A681923079BA0 /* Pods-TinyCloudMusicIOS.debug.xcconfig */;
			buildSettings = {
				ASSETCATALOG_COMPILER_APPICON_NAME = AppIcon;
				ASSETCATALOG_COMPILER_GLOBAL_ACCENT_COLOR_NAME = AccentColor;
				CODE_SIGN_IDENTITY = "iPhone Developer";
				ENABLE_USER_SCRIPT_SANDBOXING = NO;
				INFOPLIST_FILE = TinyCloudMusicIOS/Info.plist;
				LD_RUNPATH_SEARCH_PATHS = (
					"$(inherited)",
					"@executable_path/Frameworks",
				);
				PRODUCT_BUNDLE_IDENTIFIER = com.tinycloudmusic.app.ios;
				PRODUCT_MODULE_NAME = TinyCloudMusic;
				PRODUCT_NAME = TinyCloudMusic;
				SDKROOT = iphoneos;
				SUPPORTS_MACCATALYST = NO;
				SUPPORTS_MAC_DESIGNED_FOR_IPHONE_IPAD = NO;
				SUPPORTS_XR_DESIGNED_FOR_IPHONE_IPAD = NO;
				SWIFT_TREAT_WARNINGS_AS_ERRORS = YES;
				TARGETED_DEVICE_FAMILY = 1;
			};
			name = Debug;
		};
		215F70008A492128656B1BFC /* Debug */ = {
			isa = XCBuildConfiguration;
			baseConfigurationReference = 5CBBCBAA525E15CD398DAF15 /* Pods-TinyCloudMusicIOSTests.debug.xcconfig */;
			buildSettings = {
				BUNDLE_LOADER = "$(TEST_HOST)";
				GENERATE_INFOPLIST_FILE = YES;
				LD_RUNPATH_SEARCH_PATHS = (
					"$(inherited)",
					"@executable_path/Frameworks",
					"@loader_path/Frameworks",
				);
				PRODUCT_BUNDLE_IDENTIFIER = com.tinycloudmusic.app.ios.tests;
				SDKROOT = iphoneos;
				SWIFT_TREAT_WARNINGS_AS_ERRORS = YES;
				TARGETED_DEVICE_FAMILY = "1,2";
				TEST_HOST = "$(BUILT_PRODUCTS_DIR)/TinyCloudMusic.app/$(BUNDLE_EXECUTABLE_FOLDER_PATH)/TinyCloudMusic";
			};
			name = Debug;
		};
		4AE992E639F22814312AFB50 /* Debug */ = {
			isa = XCBuildConfiguration;
			buildSettings = {
				ALWAYS_SEARCH_USER_PATHS = NO;
				CLANG_ANALYZER_NONNULL = YES;
				CLANG_ANALYZER_NUMBER_OBJECT_CONVERSION = YES_AGGRESSIVE;
				CLANG_CXX_LANGUAGE_STANDARD = "gnu++14";
				CLANG_CXX_LIBRARY = "libc++";
				CLANG_ENABLE_MODULES = YES;
				CLANG_ENABLE_OBJC_ARC = YES;
				CLANG_ENABLE_OBJC_WEAK = YES;
				CLANG_WARN_BLOCK_CAPTURE_AUTORELEASING = YES;
				CLANG_WARN_BOOL_CONVERSION = YES;
				CLANG_WARN_COMMA = YES;
				CLANG_WARN_CONSTANT_CONVERSION = YES;
				CLANG_WARN_DEPRECATED_OBJC_IMPLEMENTATIONS = YES;
				CLANG_WARN_DIRECT_OBJC_ISA_USAGE = YES_ERROR;
				CLANG_WARN_DOCUMENTATION_COMMENTS = YES;
				CLANG_WARN_EMPTY_BODY = YES;
				CLANG_WARN_ENUM_CONVERSION = YES;
				CLANG_WARN_INFINITE_RECURSION = YES;
				CLANG_WARN_INT_CONVERSION = YES;
				CLANG_WARN_NON_LITERAL_NULL_CONVERSION = YES;
				CLANG_WARN_OBJC_IMPLICIT_RETAIN_SELF = YES;
				CLANG_WARN_OBJC_LITERAL_CONVERSION = YES;
				CLANG_WARN_OBJC_ROOT_CLASS = YES_ERROR;
				CLANG_WARN_QUOTED_INCLUDE_IN_FRAMEWORK_HEADER = YES;
				CLANG_WARN_RANGE_LOOP_ANALYSIS = YES;
				CLANG_WARN_STRICT_PROTOTYPES = YES;
				CLANG_WARN_SUSPICIOUS_MOVE = YES;
				CLANG_WARN_UNGUARDED_AVAILABILITY = YES_AGGRESSIVE;
				CLANG_WARN_UNREACHABLE_CODE = YES;
				CLANG_WARN__DUPLICATE_METHOD_MATCH = YES;
				CODE_SIGN_STYLE = Automatic;
				COPY_PHASE_STRIP = NO;
				DEBUG_INFORMATION_FORMAT = dwarf;
				DEVELOPMENT_TEAM = "";
				ENABLE_STRICT_OBJC_MSGSEND = YES;
				ENABLE_TESTABILITY = YES;
				GCC_C_LANGUAGE_STANDARD = gnu11;
				GCC_DYNAMIC_NO_PIC = NO;
				GCC_NO_COMMON_BLOCKS = YES;
				GCC_OPTIMIZATION_LEVEL = 0;
				GCC_PREPROCESSOR_DEFINITIONS = (
					"$(inherited)",
					"DEBUG=1",
				);
				GCC_WARN_64_TO_32_BIT_CONVERSION = YES;
				GCC_WARN_ABOUT_RETURN_TYPE = YES_ERROR;
				GCC_WARN_UNDECLARED_SELECTOR = YES;
				GCC_WARN_UNINITIALIZED_AUTOS = YES_AGGRESSIVE;
				GCC_WARN_UNUSED_FUNCTION = YES;
				GCC_WARN_UNUSED_VARIABLE = YES;
				IPHONEOS_DEPLOYMENT_TARGET = 18.0;
				MTL_ENABLE_DEBUG_INFO = INCLUDE_SOURCE;
				MTL_FAST_MATH = YES;
				ONLY_ACTIVE_ARCH = YES;
				PRODUCT_NAME = "$(TARGET_NAME)";
				SDKROOT = iphoneos;
				SWIFT_ACTIVE_COMPILATION_CONDITIONS = DEBUG;
				SWIFT_OPTIMIZATION_LEVEL = "-Onone";
				SWIFT_STRICT_CONCURRENCY = complete;
				SWIFT_VERSION = 6.0;
				TARGETED_DEVICE_FAMILY = 1;
			};
			name = Debug;
		};
		59E9EDD0FAC1150C7E4BCA0A /* Release */ = {
			isa = XCBuildConfiguration;
			buildSettings = {
				ALWAYS_SEARCH_USER_PATHS = NO;
				CLANG_ANALYZER_NONNULL = YES;
				CLANG_ANALYZER_NUMBER_OBJECT_CONVERSION = YES_AGGRESSIVE;
				CLANG_CXX_LANGUAGE_STANDARD = "gnu++14";
				CLANG_CXX_LIBRARY = "libc++";
				CLANG_ENABLE_MODULES = YES;
				CLANG_ENABLE_OBJC_ARC = YES;
				CLANG_ENABLE_OBJC_WEAK = YES;
				CLANG_WARN_BLOCK_CAPTURE_AUTORELEASING = YES;
				CLANG_WARN_BOOL_CONVERSION = YES;
				CLANG_WARN_COMMA = YES;
				CLANG_WARN_CONSTANT_CONVERSION = YES;
				CLANG_WARN_DEPRECATED_OBJC_IMPLEMENTATIONS = YES;
				CLANG_WARN_DIRECT_OBJC_ISA_USAGE = YES_ERROR;
				CLANG_WARN_DOCUMENTATION_COMMENTS = YES;
				CLANG_WARN_EMPTY_BODY = YES;
				CLANG_WARN_ENUM_CONVERSION = YES;
				CLANG_WARN_INFINITE_RECURSION = YES;
				CLANG_WARN_INT_CONVERSION = YES;
				CLANG_WARN_NON_LITERAL_NULL_CONVERSION = YES;
				CLANG_WARN_OBJC_IMPLICIT_RETAIN_SELF = YES;
				CLANG_WARN_OBJC_LITERAL_CONVERSION = YES;
				CLANG_WARN_OBJC_ROOT_CLASS = YES_ERROR;
				CLANG_WARN_QUOTED_INCLUDE_IN_FRAMEWORK_HEADER = YES;
				CLANG_WARN_RANGE_LOOP_ANALYSIS = YES;
				CLANG_WARN_STRICT_PROTOTYPES = YES;
				CLANG_WARN_SUSPICIOUS_MOVE = YES;
				CLANG_WARN_UNGUARDED_AVAILABILITY = YES_AGGRESSIVE;
				CLANG_WARN_UNREACHABLE_CODE = YES;
				CLANG_WARN__DUPLICATE_METHOD_MATCH = YES;
				CODE_SIGN_STYLE = Automatic;
				COPY_PHASE_STRIP = NO;
				DEBUG_INFORMATION_FORMAT = "dwarf-with-dsym";
				DEVELOPMENT_TEAM = "";
				ENABLE_NS_ASSERTIONS = NO;
				ENABLE_STRICT_OBJC_MSGSEND = YES;
				GCC_C_LANGUAGE_STANDARD = gnu11;
				GCC_NO_COMMON_BLOCKS = YES;
				GCC_WARN_64_TO_32_BIT_CONVERSION = YES;
				GCC_WARN_ABOUT_RETURN_TYPE = YES_ERROR;
				GCC_WARN_UNDECLARED_SELECTOR = YES;
				GCC_WARN_UNINITIALIZED_AUTOS = YES_AGGRESSIVE;
				GCC_WARN_UNUSED_FUNCTION = YES;
				GCC_WARN_UNUSED_VARIABLE = YES;
				IPHONEOS_DEPLOYMENT_TARGET = 18.0;
				MTL_ENABLE_DEBUG_INFO = NO;
				MTL_FAST_MATH = YES;
				PRODUCT_NAME = "$(TARGET_NAME)";
				SDKROOT = iphoneos;
				SWIFT_COMPILATION_MODE = wholemodule;
				SWIFT_OPTIMIZATION_LEVEL = "-O";
				SWIFT_STRICT_CONCURRENCY = complete;
				SWIFT_VERSION = 6.0;
				TARGETED_DEVICE_FAMILY = 1;
			};
			name = Release;
		};
		861CC99EF817057A90B2FE65 /* Release */ = {
			isa = XCBuildConfiguration;
			baseConfigurationReference = A8245F95951D3B8E5821A67C /* Pods-TinyCloudMusicIOSTests.release.xcconfig */;
			buildSettings = {
				BUNDLE_LOADER = "$(TEST_HOST)";
				GENERATE_INFOPLIST_FILE = YES;
				LD_RUNPATH_SEARCH_PATHS = (
					"$(inherited)",
					"@executable_path/Frameworks",
					"@loader_path/Frameworks",
				);
				PRODUCT_BUNDLE_IDENTIFIER = com.tinycloudmusic.app.ios.tests;
				SDKROOT = iphoneos;
				SWIFT_TREAT_WARNINGS_AS_ERRORS = YES;
				TARGETED_DEVICE_FAMILY = "1,2";
				TEST_HOST = "$(BUILT_PRODUCTS_DIR)/TinyCloudMusic.app/$(BUNDLE_EXECUTABLE_FOLDER_PATH)/TinyCloudMusic";
			};
			name = Release;
		};
		ED0EB6AB0AEEF4A5163B4B89 /* Release */ = {
			isa = XCBuildConfiguration;
			baseConfigurationReference = B305702B6B4E368CBF79DDD8 /* Pods-TinyCloudMusicIOS.release.xcconfig */;
			buildSettings = {
				ASSETCATALOG_COMPILER_APPICON_NAME = AppIcon;
				ASSETCATALOG_COMPILER_GLOBAL_ACCENT_COLOR_NAME = AccentColor;
				CODE_SIGN_IDENTITY = "iPhone Developer";
				ENABLE_USER_SCRIPT_SANDBOXING = NO;
				INFOPLIST_FILE = TinyCloudMusicIOS/Info.plist;
				LD_RUNPATH_SEARCH_PATHS = (
					"$(inherited)",
					"@executable_path/Frameworks",
				);
				PRODUCT_BUNDLE_IDENTIFIER = com.tinycloudmusic.app.ios;
				PRODUCT_MODULE_NAME = TinyCloudMusic;
				PRODUCT_NAME = TinyCloudMusic;
				SDKROOT = iphoneos;
				SUPPORTS_MACCATALYST = NO;
				SUPPORTS_MAC_DESIGNED_FOR_IPHONE_IPAD = NO;
				SUPPORTS_XR_DESIGNED_FOR_IPHONE_IPAD = NO;
				SWIFT_TREAT_WARNINGS_AS_ERRORS = YES;
				TARGETED_DEVICE_FAMILY = 1;
			};
			name = Release;
		};
/* End XCBuildConfiguration section */

/* Begin XCConfigurationList section */
		2D24C572247F8974A0285987 /* Build configuration list for PBXNativeTarget "TinyCloudMusicIOS" */ = {
			isa = XCConfigurationList;
			buildConfigurations = (
				014DBE81A29563E21602238C /* Debug */,
				ED0EB6AB0AEEF4A5163B4B89 /* Release */,
			);
			defaultConfigurationIsVisible = 0;
			defaultConfigurationName = Debug;
		};
		6E809462CDE382AE97ED739A /* Build configuration list for PBXNativeTarget "TinyCloudMusicIOSTests" */ = {
			isa = XCConfigurationList;
			buildConfigurations = (
				215F70008A492128656B1BFC /* Debug */,
				861CC99EF817057A90B2FE65 /* Release */,
			);
			defaultConfigurationIsVisible = 0;
			defaultConfigurationName = Debug;
		};
		A0BE925E6847FD3F379D12FC /* Build configuration list for PBXProject "TinyCloudMusicIOS" */ = {
			isa = XCConfigurationList;
			buildConfigurations = (
				4AE992E639F22814312AFB50 /* Debug */,
				59E9EDD0FAC1150C7E4BCA0A /* Release */,
			);
			defaultConfigurationIsVisible = 0;
			defaultConfigurationName = Debug;
		};
/* End XCConfigurationList section */

/* Begin XCRemoteSwiftPackageReference section */
		3835EFED639457E1A73A5A5F /* XCRemoteSwiftPackageReference "Nuke" */ = {
			isa = XCRemoteSwiftPackageReference;
			repositoryURL = "https://github.com/kean/Nuke.git";
			requirement = {
				kind = exactVersion;
				version = 13.0.6;
			};
		};
/* End XCRemoteSwiftPackageReference section */

/* Begin XCSwiftPackageProductDependency section */
		76D1B0117082AEC1BB879291 /* Nuke */ = {
			isa = XCSwiftPackageProductDependency;
			package = 3835EFED639457E1A73A5A5F /* XCRemoteSwiftPackageReference "Nuke" */;
			productName = Nuke;
		};
		78EBDD1389378FD4B9732828 /* NukeUI */ = {
			isa = XCSwiftPackageProductDependency;
			package = 3835EFED639457E1A73A5A5F /* XCRemoteSwiftPackageReference "Nuke" */;
			productName = NukeUI;
		};
/* End XCSwiftPackageProductDependency section */
	};
	rootObject = 0695D08F1ECF5FBAEF97A7F0 /* Project object */;
}
